
Microsoft Visual Studio Solution File, Format Version 12.00
# Visual Studio 15
VisualStudioVersion = 15.0.27130.2010
MinimumVisualStudioVersion = 10.0.40219.1
Project("{FAE04EC0-301F-11D3-BF4B-00C04F79EFBC}") = "MaxMin", "MaxMin\MaxMin.csproj", "{222B990E-299C-48AA-A386-0A2AFA8B0CDB}"
EndProject
Global
	GlobalSection(SolutionConfigurationPlatforms) = preSolution
		Debug|Any CPU = Debug|Any CPU
		Release|Any CPU = Release|Any CPU
	EndGlobalSection
	GlobalSection(ProjectConfigurationPlatforms) = postSolution
		{222B990E-299C-48AA-A386-0A2AFA8B0CDB}.Debug|Any CPU.ActiveCfg = Debug|Any CPU
		{222B990E-299C-48AA-A386-0A2AFA8B0CDB}.Debug|Any CPU.Build.0 = Debug|Any CPU
		{222B990E-299C-48AA-A386-0A2AFA8B0CDB}.Release|Any CPU.ActiveCfg = Release|Any CPU
		{222B990E-299C-48AA-A386-0A2AFA8B0CDB}.Release|Any CPU.Build.0 = Release|Any CPU
	EndGlobalSection
	GlobalSection(SolutionProperties) = preSolution
		HideSolutionNode = FALSE
	EndGlobalSection
	GlobalSection(ExtensibilityGlobals) = postSolution
		SolutionGuid = {06544090-CB73-42FA-A7E7-414839EE4666}
	EndGlobalSection
EndGlobal
