
Microsoft Visual Studio Solution File, Format Version 12.00
# Visual Studio 15
VisualStudioVersion = 15.0.27130.2010
MinimumVisualStudioVersion = 10.0.40219.1
Project("{FAE04EC0-301F-11D3-BF4B-00C04F79EFBC}") = "SnakeBot", "SnakeBot\SnakeBot.csproj", "{02650271-7AFA-4D9A-9E57-87ACD3D8D357}"
EndProject
Global
	GlobalSection(SolutionConfigurationPlatforms) = preSolution
		Debug|Any CPU = Debug|Any CPU
		Release|Any CPU = Release|Any CPU
	EndGlobalSection
	GlobalSection(ProjectConfigurationPlatforms) = postSolution
		{02650271-7AFA-4D9A-9E57-87ACD3D8D357}.Debug|Any CPU.ActiveCfg = Debug|Any CPU
		{02650271-7AFA-4D9A-9E57-87ACD3D8D357}.Debug|Any CPU.Build.0 = Debug|Any CPU
		{02650271-7AFA-4D9A-9E57-87ACD3D8D357}.Release|Any CPU.ActiveCfg = Release|Any CPU
		{02650271-7AFA-4D9A-9E57-87ACD3D8D357}.Release|Any CPU.Build.0 = Release|Any CPU
	EndGlobalSection
	GlobalSection(SolutionProperties) = preSolution
		HideSolutionNode = FALSE
	EndGlobalSection
	GlobalSection(ExtensibilityGlobals) = postSolution
		SolutionGuid = {37B8FB20-37E0-4F3B-913C-751373A599F4}
	EndGlobalSection
EndGlobal
