
Microsoft Visual Studio Solution File, Format Version 12.00
# Visual Studio 15
VisualStudioVersion = 15.0.27130.2010
MinimumVisualStudioVersion = 10.0.40219.1
Project("{FAE04EC0-301F-11D3-BF4B-00C04F79EFBC}") = "WindowsFormsApp3", "WindowsFormsApp3\WindowsFormsApp3.csproj", "{77D837D8-5601-4404-B7C6-1173145CFE8D}"
EndProject
Global
	GlobalSection(SolutionConfigurationPlatforms) = preSolution
		Debug|Any CPU = Debug|Any CPU
		Release|Any CPU = Release|Any CPU
	EndGlobalSection
	GlobalSection(ProjectConfigurationPlatforms) = postSolution
		{77D837D8-5601-4404-B7C6-1173145CFE8D}.Debug|Any CPU.ActiveCfg = Debug|Any CPU
		{77D837D8-5601-4404-B7C6-1173145CFE8D}.Debug|Any CPU.Build.0 = Debug|Any CPU
		{77D837D8-5601-4404-B7C6-1173145CFE8D}.Release|Any CPU.ActiveCfg = Release|Any CPU
		{77D837D8-5601-4404-B7C6-1173145CFE8D}.Release|Any CPU.Build.0 = Release|Any CPU
	EndGlobalSection
	GlobalSection(SolutionProperties) = preSolution
		HideSolutionNode = FALSE
	EndGlobalSection
	GlobalSection(ExtensibilityGlobals) = postSolution
		SolutionGuid = {B018A301-BA73-47EB-926A-AACB0AB2CF6D}
	EndGlobalSection
EndGlobal
